
Microsoft Visual Studio Solution File, Format Version 12.00
# Visual Studio Version 16
VisualStudioVersion = 16.0.29509.3
MinimumVisualStudioVersion = 10.0.40219.1
Project("{9A19103F-16F7-4668-BE54-9A1E7A4F7556}") = "ParallelZip", "ParallelZip\ParallelZip.csproj", "{56A11138-290F-46E4-B266-4EAD90E9A4C9}"
EndProject
Project("{9A19103F-16F7-4668-BE54-9A1E7A4F7556}") = "test", "test\test.csproj", "{DBC71A11-E6FB-4B38-A87A-6396CCC98AF2}"
EndProject
Global
	GlobalSection(SolutionConfigurationPlatforms) = preSolution
		Debug|Any CPU = Debug|Any CPU
		Debug|x64 = Debug|x64
		Debug|x86 = Debug|x86
		Release|Any CPU = Release|Any CPU
		Release|x64 = Release|x64
		Release|x86 = Release|x86
	EndGlobalSection
	GlobalSection(ProjectConfigurationPlatforms) = postSolution
		{56A11138-290F-46E4-B266-4EAD90E9A4C9}.Debug|Any CPU.ActiveCfg = Debug|Any CPU
		{56A11138-290F-46E4-B266-4EAD90E9A4C9}.Debug|Any CPU.Build.0 = Debug|Any CPU
		{56A11138-290F-46E4-B266-4EAD90E9A4C9}.Debug|x64.ActiveCfg = Debug|Any CPU
		{56A11138-290F-46E4-B266-4EAD90E9A4C9}.Debug|x64.Build.0 = Debug|Any CPU
		{56A11138-290F-46E4-B266-4EAD90E9A4C9}.Debug|x86.ActiveCfg = Debug|Any CPU
		{56A11138-290F-46E4-B266-4EAD90E9A4C9}.Debug|x86.Build.0 = Debug|Any CPU
		{56A11138-290F-46E4-B266-4EAD90E9A4C9}.Release|Any CPU.ActiveCfg = Release|Any CPU
		{56A11138-290F-46E4-B266-4EAD90E9A4C9}.Release|Any CPU.Build.0 = Release|Any CPU
		{56A11138-290F-46E4-B266-4EAD90E9A4C9}.Release|x64.ActiveCfg = Release|Any CPU
		{56A11138-290F-46E4-B266-4EAD90E9A4C9}.Release|x64.Build.0 = Release|Any CPU
		{56A11138-290F-46E4-B266-4EAD90E9A4C9}.Release|x86.ActiveCfg = Release|Any CPU
		{56A11138-290F-46E4-B266-4EAD90E9A4C9}.Release|x86.Build.0 = Release|Any CPU
		{DBC71A11-E6FB-4B38-A87A-6396CCC98AF2}.Debug|Any CPU.ActiveCfg = Debug|Any CPU
		{DBC71A11-E6FB-4B38-A87A-6396CCC98AF2}.Debug|Any CPU.Build.0 = Debug|Any CPU
		{DBC71A11-E6FB-4B38-A87A-6396CCC98AF2}.Debug|x64.ActiveCfg = Debug|x64
		{DBC71A11-E6FB-4B38-A87A-6396CCC98AF2}.Debug|x64.Build.0 = Debug|x64
		{DBC71A11-E6FB-4B38-A87A-6396CCC98AF2}.Debug|x86.ActiveCfg = Debug|x86
		{DBC71A11-E6FB-4B38-A87A-6396CCC98AF2}.Debug|x86.Build.0 = Debug|x86
		{DBC71A11-E6FB-4B38-A87A-6396CCC98AF2}.Release|Any CPU.ActiveCfg = Release|Any CPU
		{DBC71A11-E6FB-4B38-A87A-6396CCC98AF2}.Release|Any CPU.Build.0 = Release|Any CPU
		{DBC71A11-E6FB-4B38-A87A-6396CCC98AF2}.Release|x64.ActiveCfg = Release|x64
		{DBC71A11-E6FB-4B38-A87A-6396CCC98AF2}.Release|x64.Build.0 = Release|x64
		{DBC71A11-E6FB-4B38-A87A-6396CCC98AF2}.Release|x86.ActiveCfg = Release|x86
		{DBC71A11-E6FB-4B38-A87A-6396CCC98AF2}.Release|x86.Build.0 = Release|x86
	EndGlobalSection
	GlobalSection(SolutionProperties) = preSolution
		HideSolutionNode = FALSE
	EndGlobalSection
	GlobalSection(ExtensibilityGlobals) = postSolution
		SolutionGuid = {56CD80BA-6A8D-43EB-9B60-758078AF439D}
	EndGlobalSection
EndGlobal
